
Microsoft Visual Studio Solution File, Format Version 12.00
# Visual Studio Version 16
VisualStudioVersion = 16.0.31321.278
MinimumVisualStudioVersion = 10.0.40219.1
Project("{00D1A9C2-B5F0-4AF3-8072-F6C62B433612}") = "CRMLite.CRMDB", "CRMLite.CRMDB\CRMLite.CRMDB.sqlproj", "{E45B9D9E-95E7-44D2-A493-2A2A865EABFE}"
EndProject
Project("{9A19103F-16F7-4668-BE54-9A1E7A4F7556}") = "CRMLite.CRMAPI", "CRMLite.CRMAPI\CRMLite.CRMAPI.csproj", "{EF6FFD33-C0EB-4550-B07E-E35E8DF0A1A2}"
EndProject
Project("{9A19103F-16F7-4668-BE54-9A1E7A4F7556}") = "CRMLite.CRMServices", "CRMLite.CRMServices\CRMLite.CRMServices.csproj", "{7475D898-B3D7-4787-BD98-19C95D72F88D}"
EndProject
Project("{9A19103F-16F7-4668-BE54-9A1E7A4F7556}") = "CRMLite.CRMDAL", "CRMLite.CRMDAL\CRMLite.CRMDAL.csproj", "{84839891-C5CB-4422-A803-476AB425665E}"
EndProject
Project("{9A19103F-16F7-4668-BE54-9A1E7A4F7556}") = "CRMLite.CRMCore", "CRMLite.CRMCore\CRMLite.CRMCore.csproj", "{3822109C-319E-40DD-BF61-382577059D5C}"
EndProject
Project("{9A19103F-16F7-4668-BE54-9A1E7A4F7556}") = "CRMLite.Core", "CRMLite.Core\CRMLite.Core.csproj", "{0F5685B7-8A5D-4858-93E1-9A5EAC33DE6C}"
EndProject
Project("{FAE04EC0-301F-11D3-BF4B-00C04F79EFBC}") = "CRMLite.CRM.IntegrationTests", "CRMLite.CRM.IntegrationTests\CRMLite.CRM.IntegrationTests.csproj", "{0F428FAF-D064-4A00-880B-85A1F3C228E9}"
EndProject
Global
	GlobalSection(SolutionConfigurationPlatforms) = preSolution
		Debug|Any CPU = Debug|Any CPU
		Release|Any CPU = Release|Any CPU
	EndGlobalSection
	GlobalSection(ProjectConfigurationPlatforms) = postSolution
		{E45B9D9E-95E7-44D2-A493-2A2A865EABFE}.Debug|Any CPU.ActiveCfg = Debug|Any CPU
		{E45B9D9E-95E7-44D2-A493-2A2A865EABFE}.Debug|Any CPU.Build.0 = Debug|Any CPU
		{E45B9D9E-95E7-44D2-A493-2A2A865EABFE}.Release|Any CPU.ActiveCfg = Release|Any CPU
		{EF6FFD33-C0EB-4550-B07E-E35E8DF0A1A2}.Debug|Any CPU.ActiveCfg = Debug|Any CPU
		{EF6FFD33-C0EB-4550-B07E-E35E8DF0A1A2}.Debug|Any CPU.Build.0 = Debug|Any CPU
		{EF6FFD33-C0EB-4550-B07E-E35E8DF0A1A2}.Release|Any CPU.ActiveCfg = Release|Any CPU
		{7475D898-B3D7-4787-BD98-19C95D72F88D}.Debug|Any CPU.ActiveCfg = Debug|Any CPU
		{7475D898-B3D7-4787-BD98-19C95D72F88D}.Debug|Any CPU.Build.0 = Debug|Any CPU
		{7475D898-B3D7-4787-BD98-19C95D72F88D}.Release|Any CPU.ActiveCfg = Release|Any CPU
		{84839891-C5CB-4422-A803-476AB425665E}.Debug|Any CPU.ActiveCfg = Debug|Any CPU
		{84839891-C5CB-4422-A803-476AB425665E}.Debug|Any CPU.Build.0 = Debug|Any CPU
		{84839891-C5CB-4422-A803-476AB425665E}.Release|Any CPU.ActiveCfg = Release|Any CPU
		{3822109C-319E-40DD-BF61-382577059D5C}.Debug|Any CPU.ActiveCfg = Debug|Any CPU
		{3822109C-319E-40DD-BF61-382577059D5C}.Debug|Any CPU.Build.0 = Debug|Any CPU
		{3822109C-319E-40DD-BF61-382577059D5C}.Release|Any CPU.ActiveCfg = Release|Any CPU
		{0F5685B7-8A5D-4858-93E1-9A5EAC33DE6C}.Debug|Any CPU.ActiveCfg = Debug|Any CPU
		{0F5685B7-8A5D-4858-93E1-9A5EAC33DE6C}.Debug|Any CPU.Build.0 = Debug|Any CPU
		{0F5685B7-8A5D-4858-93E1-9A5EAC33DE6C}.Release|Any CPU.ActiveCfg = Release|Any CPU
		{0F5685B7-8A5D-4858-93E1-9A5EAC33DE6C}.Release|Any CPU.Build.0 = Release|Any CPU
		{0F428FAF-D064-4A00-880B-85A1F3C228E9}.Debug|Any CPU.ActiveCfg = Debug|Any CPU
		{0F428FAF-D064-4A00-880B-85A1F3C228E9}.Debug|Any CPU.Build.0 = Debug|Any CPU
		{0F428FAF-D064-4A00-880B-85A1F3C228E9}.Release|Any CPU.ActiveCfg = Release|Any CPU
		{0F428FAF-D064-4A00-880B-85A1F3C228E9}.Release|Any CPU.Build.0 = Release|Any CPU
	EndGlobalSection
	GlobalSection(SolutionProperties) = preSolution
		HideSolutionNode = FALSE
	EndGlobalSection
	GlobalSection(ExtensibilityGlobals) = postSolution
		SolutionGuid = {B8E15665-11FD-47D4-BE62-C762AA79E910}
	EndGlobalSection
EndGlobal
