
Microsoft Visual Studio Solution File, Format Version 12.00
# Visual Studio Version 16
VisualStudioVersion = 16.0.31005.135
MinimumVisualStudioVersion = 10.0.40219.1
Project("{00D1A9C2-B5F0-4AF3-8072-F6C62B433612}") = "CRMLite.CRMDB", "CRMLite.CRMDB\CRMLite.CRMDB.sqlproj", "{E45B9D9E-95E7-44D2-A493-2A2A865EABFE}"
EndProject
Project("{9A19103F-16F7-4668-BE54-9A1E7A4F7556}") = "CRMLite.CRMAPI", "CRMLite.CRMAPI\CRMLite.CRMAPI.csproj", "{EF6FFD33-C0EB-4550-B07E-E35E8DF0A1A2}"
EndProject
Project("{9A19103F-16F7-4668-BE54-9A1E7A4F7556}") = "CRMLite.CRMServices", "CRMLite.CRMServices\CRMLite.CRMServices.csproj", "{7475D898-B3D7-4787-BD98-19C95D72F88D}"
EndProject
Project("{9A19103F-16F7-4668-BE54-9A1E7A4F7556}") = "CRMLite.CRMDAL", "CRMLite.CRMDAL\CRMLite.CRMDAL.csproj", "{84839891-C5CB-4422-A803-476AB425665E}"
EndProject
Project("{9A19103F-16F7-4668-BE54-9A1E7A4F7556}") = "CRMLite.CRMCore", "CRMLite.CRMCore\CRMLite.CRMCore.csproj", "{3822109C-319E-40DD-BF61-382577059D5C}"
EndProject
Project("{9A19103F-16F7-4668-BE54-9A1E7A4F7556}") = "CRMLite.Core", "CRMLite.Core\CRMLite.Core.csproj", "{0F5685B7-8A5D-4858-93E1-9A5EAC33DE6C}"
EndProject
Project("{9A19103F-16F7-4668-BE54-9A1E7A4F7556}") = "CRMLite.CRM.IntegrationTests", "CRMLite.CRM.IntegrationTests\CRMLite.CRM.IntegrationTests.csproj", "{0F428FAF-D064-4A00-880B-85A1F3C228E9}"
EndProject
Project("{9A19103F-16F7-4668-BE54-9A1E7A4F7556}") = "CRMLite.TransactionStoreAPI", "CRMLite.TransactionStoreAPI\CRMLite.TransactionStoreAPI.csproj", "{F8D728AA-51E7-4845-9802-34632BD2DDEA}"
EndProject
Project("{9A19103F-16F7-4668-BE54-9A1E7A4F7556}") = "CRMLite.TransactionStoreDomain", "CRMLite.TransactionStoreCore\CRMLite.TransactionStoreDomain.csproj", "{3E558BF1-B3A1-45C0-A2B0-7AAFF4DB99BA}"
EndProject
Project("{00D1A9C2-B5F0-4AF3-8072-F6C62B433612}") = "CRMLite.TransactionStoreDB", "CRMLite.TransactionStoreDatabase\CRMLite.TransactionStoreDB.sqlproj", "{4D5511F2-6D27-460C-8745-1FBDACE44415}"
EndProject
Project("{9A19103F-16F7-4668-BE54-9A1E7A4F7556}") = "CRMLite.TransactionStoreBLL", "CRMLite.TransactionStoreDAL\CRMLite.TransactionStoreBLL.csproj", "{25B53CA1-7B9D-4AF4-B63B-63485FF59A5C}"
EndProject
Project("{9A19103F-16F7-4668-BE54-9A1E7A4F7556}") = "CRMLite.TransactionStoreInsightDatabase", "CRMLite.TransactionStoreInsightDatabase\CRMLite.TransactionStoreInsightDatabase.csproj", "{44F89C6A-1151-45D5-86FD-85069EA9CB76}"
EndProject
Project("{9A19103F-16F7-4668-BE54-9A1E7A4F7556}") = "CRMLite.TransactionStore.IntegrationTests", "CRMLite.TransactionStore.IntegrationTests\CRMLite.TransactionStore.IntegrationTests.csproj", "{21D51EF4-C1B9-4735-A19E-E50D93FA8A53}"
EndProject
Project("{00D1A9C2-B5F0-4AF3-8072-F6C62B433612}") = "CRMLite.RatesDB", "CRMLite.RatesDB\CRMLite.RatesDB.sqlproj", "{04597FD6-418A-4CD6-9EE6-AB3A860230A9}"
EndProject
Project("{9A19103F-16F7-4668-BE54-9A1E7A4F7556}") = "CRMLite.RatesDAL", "CRMLite.RatesDAL\CRMLite.RatesDAL.csproj", "{499E1B4D-F2B9-4B1D-80D2-26E1FFFA9957}"
EndProject
Project("{9A19103F-16F7-4668-BE54-9A1E7A4F7556}") = "CRMLite.RatesAPI", "CRMLite.RatesAPI\CRMLite.RatesAPI.csproj", "{14520A40-E3DC-4BDD-B535-9EFB31F78DF9}"
EndProject
Project("{9A19103F-16F7-4668-BE54-9A1E7A4F7556}") = "CRMLite.RatesService", "CRMLite.RatesService\CRMLite.RatesService.csproj", "{4556E87C-A4E8-45D4-AEC9-FA2FCC70042F}"
EndProject
Global
	GlobalSection(SolutionConfigurationPlatforms) = preSolution
		Debug|Any CPU = Debug|Any CPU
		Release|Any CPU = Release|Any CPU
	EndGlobalSection
	GlobalSection(ProjectConfigurationPlatforms) = postSolution
		{E45B9D9E-95E7-44D2-A493-2A2A865EABFE}.Debug|Any CPU.ActiveCfg = Debug|Any CPU
		{E45B9D9E-95E7-44D2-A493-2A2A865EABFE}.Debug|Any CPU.Build.0 = Debug|Any CPU
		{E45B9D9E-95E7-44D2-A493-2A2A865EABFE}.Release|Any CPU.ActiveCfg = Release|Any CPU
		{E45B9D9E-95E7-44D2-A493-2A2A865EABFE}.Release|Any CPU.Build.0 = Release|Any CPU
		{EF6FFD33-C0EB-4550-B07E-E35E8DF0A1A2}.Debug|Any CPU.ActiveCfg = Debug|Any CPU
		{EF6FFD33-C0EB-4550-B07E-E35E8DF0A1A2}.Debug|Any CPU.Build.0 = Debug|Any CPU
		{EF6FFD33-C0EB-4550-B07E-E35E8DF0A1A2}.Release|Any CPU.ActiveCfg = Release|Any CPU
		{EF6FFD33-C0EB-4550-B07E-E35E8DF0A1A2}.Release|Any CPU.Build.0 = Release|Any CPU
		{EF6FFD33-C0EB-4550-B07E-E35E8DF0A1A2}.Debug|Any CPU.Deploy.0 = Debug|Any CPU
		{7475D898-B3D7-4787-BD98-19C95D72F88D}.Debug|Any CPU.ActiveCfg = Debug|Any CPU
		{7475D898-B3D7-4787-BD98-19C95D72F88D}.Debug|Any CPU.Build.0 = Debug|Any CPU
		{7475D898-B3D7-4787-BD98-19C95D72F88D}.Release|Any CPU.ActiveCfg = Release|Any CPU
		{7475D898-B3D7-4787-BD98-19C95D72F88D}.Release|Any CPU.Build.0 = Release|Any CPU
		{84839891-C5CB-4422-A803-476AB425665E}.Debug|Any CPU.ActiveCfg = Debug|Any CPU
		{84839891-C5CB-4422-A803-476AB425665E}.Debug|Any CPU.Build.0 = Debug|Any CPU
		{84839891-C5CB-4422-A803-476AB425665E}.Release|Any CPU.ActiveCfg = Release|Any CPU
		{84839891-C5CB-4422-A803-476AB425665E}.Release|Any CPU.Build.0 = Release|Any CPU
		{3822109C-319E-40DD-BF61-382577059D5C}.Debug|Any CPU.ActiveCfg = Debug|Any CPU
		{3822109C-319E-40DD-BF61-382577059D5C}.Debug|Any CPU.Build.0 = Debug|Any CPU
		{3822109C-319E-40DD-BF61-382577059D5C}.Release|Any CPU.ActiveCfg = Release|Any CPU
		{3822109C-319E-40DD-BF61-382577059D5C}.Release|Any CPU.Build.0 = Release|Any CPU
		{0F5685B7-8A5D-4858-93E1-9A5EAC33DE6C}.Debug|Any CPU.ActiveCfg = Debug|Any CPU
		{0F5685B7-8A5D-4858-93E1-9A5EAC33DE6C}.Debug|Any CPU.Build.0 = Debug|Any CPU
		{0F5685B7-8A5D-4858-93E1-9A5EAC33DE6C}.Release|Any CPU.ActiveCfg = Release|Any CPU
		{0F5685B7-8A5D-4858-93E1-9A5EAC33DE6C}.Release|Any CPU.Build.0 = Release|Any CPU
		{0F428FAF-D064-4A00-880B-85A1F3C228E9}.Debug|Any CPU.ActiveCfg = Debug|Any CPU
		{0F428FAF-D064-4A00-880B-85A1F3C228E9}.Debug|Any CPU.Build.0 = Debug|Any CPU
		{0F428FAF-D064-4A00-880B-85A1F3C228E9}.Release|Any CPU.ActiveCfg = Release|Any CPU
		{0F428FAF-D064-4A00-880B-85A1F3C228E9}.Release|Any CPU.Build.0 = Release|Any CPU
		{F8D728AA-51E7-4845-9802-34632BD2DDEA}.Debug|Any CPU.ActiveCfg = Debug|Any CPU
		{F8D728AA-51E7-4845-9802-34632BD2DDEA}.Debug|Any CPU.Build.0 = Debug|Any CPU
		{F8D728AA-51E7-4845-9802-34632BD2DDEA}.Release|Any CPU.ActiveCfg = Release|Any CPU
		{F8D728AA-51E7-4845-9802-34632BD2DDEA}.Release|Any CPU.Build.0 = Release|Any CPU
		{F8D728AA-51E7-4845-9802-34632BD2DDEA}.Debug|Any CPU.Deploy.0 = Debug|Any CPU
		{3E558BF1-B3A1-45C0-A2B0-7AAFF4DB99BA}.Debug|Any CPU.ActiveCfg = Debug|Any CPU
		{3E558BF1-B3A1-45C0-A2B0-7AAFF4DB99BA}.Debug|Any CPU.Build.0 = Debug|Any CPU
		{3E558BF1-B3A1-45C0-A2B0-7AAFF4DB99BA}.Release|Any CPU.ActiveCfg = Release|Any CPU
		{3E558BF1-B3A1-45C0-A2B0-7AAFF4DB99BA}.Release|Any CPU.Build.0 = Release|Any CPU
		{4D5511F2-6D27-460C-8745-1FBDACE44415}.Debug|Any CPU.ActiveCfg = Debug|Any CPU
		{4D5511F2-6D27-460C-8745-1FBDACE44415}.Debug|Any CPU.Build.0 = Debug|Any CPU
		{4D5511F2-6D27-460C-8745-1FBDACE44415}.Release|Any CPU.ActiveCfg = Release|Any CPU
		{4D5511F2-6D27-460C-8745-1FBDACE44415}.Release|Any CPU.Build.0 = Release|Any CPU
		{4D5511F2-6D27-460C-8745-1FBDACE44415}.Release|Any CPU.Deploy.0 = Release|Any CPU
		{25B53CA1-7B9D-4AF4-B63B-63485FF59A5C}.Debug|Any CPU.ActiveCfg = Debug|Any CPU
		{25B53CA1-7B9D-4AF4-B63B-63485FF59A5C}.Debug|Any CPU.Build.0 = Debug|Any CPU
		{25B53CA1-7B9D-4AF4-B63B-63485FF59A5C}.Release|Any CPU.ActiveCfg = Release|Any CPU
		{25B53CA1-7B9D-4AF4-B63B-63485FF59A5C}.Release|Any CPU.Build.0 = Release|Any CPU
		{44F89C6A-1151-45D5-86FD-85069EA9CB76}.Debug|Any CPU.ActiveCfg = Debug|Any CPU
		{44F89C6A-1151-45D5-86FD-85069EA9CB76}.Debug|Any CPU.Build.0 = Debug|Any CPU
		{44F89C6A-1151-45D5-86FD-85069EA9CB76}.Release|Any CPU.ActiveCfg = Release|Any CPU
		{44F89C6A-1151-45D5-86FD-85069EA9CB76}.Release|Any CPU.Build.0 = Release|Any CPU
		{21D51EF4-C1B9-4735-A19E-E50D93FA8A53}.Debug|Any CPU.ActiveCfg = Debug|Any CPU
		{21D51EF4-C1B9-4735-A19E-E50D93FA8A53}.Debug|Any CPU.Build.0 = Debug|Any CPU
		{21D51EF4-C1B9-4735-A19E-E50D93FA8A53}.Release|Any CPU.ActiveCfg = Release|Any CPU
		{21D51EF4-C1B9-4735-A19E-E50D93FA8A53}.Release|Any CPU.Build.0 = Release|Any CPU
		{04597FD6-418A-4CD6-9EE6-AB3A860230A9}.Debug|Any CPU.ActiveCfg = Debug|Any CPU
		{04597FD6-418A-4CD6-9EE6-AB3A860230A9}.Debug|Any CPU.Build.0 = Debug|Any CPU
		{04597FD6-418A-4CD6-9EE6-AB3A860230A9}.Release|Any CPU.ActiveCfg = Release|Any CPU
		{04597FD6-418A-4CD6-9EE6-AB3A860230A9}.Release|Any CPU.Build.0 = Release|Any CPU
		{04597FD6-418A-4CD6-9EE6-AB3A860230A9}.Release|Any CPU.Deploy.0 = Release|Any CPU
		{499E1B4D-F2B9-4B1D-80D2-26E1FFFA9957}.Debug|Any CPU.ActiveCfg = Debug|Any CPU
		{499E1B4D-F2B9-4B1D-80D2-26E1FFFA9957}.Debug|Any CPU.Build.0 = Debug|Any CPU
		{499E1B4D-F2B9-4B1D-80D2-26E1FFFA9957}.Release|Any CPU.ActiveCfg = Release|Any CPU
		{499E1B4D-F2B9-4B1D-80D2-26E1FFFA9957}.Release|Any CPU.Build.0 = Release|Any CPU
		{14520A40-E3DC-4BDD-B535-9EFB31F78DF9}.Debug|Any CPU.ActiveCfg = Debug|Any CPU
		{14520A40-E3DC-4BDD-B535-9EFB31F78DF9}.Debug|Any CPU.Build.0 = Debug|Any CPU
		{14520A40-E3DC-4BDD-B535-9EFB31F78DF9}.Release|Any CPU.ActiveCfg = Release|Any CPU
		{14520A40-E3DC-4BDD-B535-9EFB31F78DF9}.Release|Any CPU.Build.0 = Release|Any CPU
		{4556E87C-A4E8-45D4-AEC9-FA2FCC70042F}.Debug|Any CPU.ActiveCfg = Debug|Any CPU
		{4556E87C-A4E8-45D4-AEC9-FA2FCC70042F}.Debug|Any CPU.Build.0 = Debug|Any CPU
		{4556E87C-A4E8-45D4-AEC9-FA2FCC70042F}.Release|Any CPU.ActiveCfg = Release|Any CPU
		{4556E87C-A4E8-45D4-AEC9-FA2FCC70042F}.Release|Any CPU.Build.0 = Release|Any CPU
	EndGlobalSection
	GlobalSection(SolutionProperties) = preSolution
		HideSolutionNode = FALSE
	EndGlobalSection
	GlobalSection(ExtensibilityGlobals) = postSolution
		SolutionGuid = {B8E15665-11FD-47D4-BE62-C762AA79E910}
	EndGlobalSection
EndGlobal
